
Microsoft Visual Studio Solution File, Format Version 12.00
# Visual Studio Version 17
VisualStudioVersion = 17.10.34916.146
MinimumVisualStudioVersion = 10.0.40219.1
Project("{9A19103F-16F7-4668-BE54-9A1E7A4F7556}") = "Net_Bootcamp_Asp_Exo", "Net_Bootcamp_Asp_Exo\Net_Bootcamp_Asp_Exo.csproj", "{62AE6C6E-0003-41AF-A812-CDB0F77A50A7}"
EndProject
Project("{FAE04EC0-301F-11D3-BF4B-00C04F79EFBC}") = "Net_Bootcamp_Asp_Exo.BLL", "Net_Bootcamp_Asp_Exo.BLL\Net_Bootcamp_Asp_Exo.BLL.csproj", "{CD28BCB2-3EC3-4729-A610-E1C32F1464BB}"
EndProject
Project("{FAE04EC0-301F-11D3-BF4B-00C04F79EFBC}") = "Net_Bootcamp_Asp_Exo.DAL", "Net_Bootcamp_Asp_Exo.DAL\Net_Bootcamp_Asp_Exo.DAL.csproj", "{2E702843-A795-4061-9EDF-A87AE5434037}"
EndProject
Project("{FAE04EC0-301F-11D3-BF4B-00C04F79EFBC}") = "Net_Bootcamp_Asp_Exo.Domain", "Net_Bootcamp_Asp_Exo.Domain\Net_Bootcamp_Asp_Exo.Domain.csproj", "{3C51DDA2-4702-4819-BA3F-5A91CED1FF86}"
EndProject
Global
	GlobalSection(SolutionConfigurationPlatforms) = preSolution
		Debug|Any CPU = Debug|Any CPU
		Release|Any CPU = Release|Any CPU
	EndGlobalSection
	GlobalSection(ProjectConfigurationPlatforms) = postSolution
		{62AE6C6E-0003-41AF-A812-CDB0F77A50A7}.Debug|Any CPU.ActiveCfg = Debug|Any CPU
		{62AE6C6E-0003-41AF-A812-CDB0F77A50A7}.Debug|Any CPU.Build.0 = Debug|Any CPU
		{62AE6C6E-0003-41AF-A812-CDB0F77A50A7}.Release|Any CPU.ActiveCfg = Release|Any CPU
		{62AE6C6E-0003-41AF-A812-CDB0F77A50A7}.Release|Any CPU.Build.0 = Release|Any CPU
		{CD28BCB2-3EC3-4729-A610-E1C32F1464BB}.Debug|Any CPU.ActiveCfg = Debug|Any CPU
		{CD28BCB2-3EC3-4729-A610-E1C32F1464BB}.Debug|Any CPU.Build.0 = Debug|Any CPU
		{CD28BCB2-3EC3-4729-A610-E1C32F1464BB}.Release|Any CPU.ActiveCfg = Release|Any CPU
		{CD28BCB2-3EC3-4729-A610-E1C32F1464BB}.Release|Any CPU.Build.0 = Release|Any CPU
		{2E702843-A795-4061-9EDF-A87AE5434037}.Debug|Any CPU.ActiveCfg = Debug|Any CPU
		{2E702843-A795-4061-9EDF-A87AE5434037}.Debug|Any CPU.Build.0 = Debug|Any CPU
		{2E702843-A795-4061-9EDF-A87AE5434037}.Release|Any CPU.ActiveCfg = Release|Any CPU
		{2E702843-A795-4061-9EDF-A87AE5434037}.Release|Any CPU.Build.0 = Release|Any CPU
		{3C51DDA2-4702-4819-BA3F-5A91CED1FF86}.Debug|Any CPU.ActiveCfg = Debug|Any CPU
		{3C51DDA2-4702-4819-BA3F-5A91CED1FF86}.Debug|Any CPU.Build.0 = Debug|Any CPU
		{3C51DDA2-4702-4819-BA3F-5A91CED1FF86}.Release|Any CPU.ActiveCfg = Release|Any CPU
		{3C51DDA2-4702-4819-BA3F-5A91CED1FF86}.Release|Any CPU.Build.0 = Release|Any CPU
	EndGlobalSection
	GlobalSection(SolutionProperties) = preSolution
		HideSolutionNode = FALSE
	EndGlobalSection
	GlobalSection(ExtensibilityGlobals) = postSolution
		SolutionGuid = {0BF614EE-A25E-4FE5-BDE7-28357544C9BC}
	EndGlobalSection
EndGlobal
